
Microsoft Visual Studio Solution File, Format Version 12.00
# Visual Studio 2013
VisualStudioVersion = 12.0.21005.1
MinimumVisualStudioVersion = 10.0.40219.1
Project("{8BC9CEB8-8B4A-11D0-8D11-00A0C91BC942}") = "Isaac_Core", "Isaac_Core\Isaac_Core.vcxproj", "{0BDC0B1F-4907-48BE-AF6B-57B48D8B7F00}"
EndProject
Project("{8BC9CEB8-8B4A-11D0-8D11-00A0C91BC942}") = "Isaac_Foundation", "Isaac_Foundation\Isaac_Foundation.vcxproj", "{98C7EC07-9611-437E-A9F3-E0DA177DC7C9}"
EndProject
Project("{8BC9CEB8-8B4A-11D0-8D11-00A0C91BC942}") = "Isaac_Triggers", "Isaac_Triggers\Isaac_Triggers.vcxproj", "{6E811768-C9A8-4139-947D-CFF540CC9C6E}"
EndProject
Project("{8BC9CEB8-8B4A-11D0-8D11-00A0C91BC942}") = "Isaac_TryOut", "Isaac_TryOut\Isaac_TryOut.vcxproj", "{2AFD477A-8AD8-44AB-B1B1-77CD1A0CC088}"
EndProject
Project("{8BC9CEB8-8B4A-11D0-8D11-00A0C91BC942}") = "Isaac_Loader", "Isaac_Loader\Isaac_Loader.vcxproj", "{FFF60803-367F-48E1-9C87-CC8605F040FC}"
EndProject
Project("{8BC9CEB8-8B4A-11D0-8D11-00A0C91BC942}") = "Isaac_IModel", "Isaac_IModel\Isaac_IModel.vcxproj", "{03F076F7-FBC4-4692-A966-A7FC3EAB991B}"
EndProject
Project("{8BC9CEB8-8B4A-11D0-8D11-00A0C91BC942}") = "Isaac_CModel", "Isaac_CModel\Isaac_CModel.vcxproj", "{7B1BCC0E-4FD6-40D5-8C63-DCE93B9CDDFA}"
EndProject
Global
	GlobalSection(SolutionConfigurationPlatforms) = preSolution
		Debug|ARM = Debug|ARM
		Debug|Win32 = Debug|Win32
		Release|ARM = Release|ARM
		Release|Win32 = Release|Win32
	EndGlobalSection
	GlobalSection(ProjectConfigurationPlatforms) = postSolution
		{0BDC0B1F-4907-48BE-AF6B-57B48D8B7F00}.Debug|ARM.ActiveCfg = Debug|Win32
		{0BDC0B1F-4907-48BE-AF6B-57B48D8B7F00}.Debug|Win32.ActiveCfg = Debug|Win32
		{0BDC0B1F-4907-48BE-AF6B-57B48D8B7F00}.Debug|Win32.Build.0 = Debug|Win32
		{0BDC0B1F-4907-48BE-AF6B-57B48D8B7F00}.Release|ARM.ActiveCfg = Release|Win32
		{0BDC0B1F-4907-48BE-AF6B-57B48D8B7F00}.Release|Win32.ActiveCfg = Release|Win32
		{0BDC0B1F-4907-48BE-AF6B-57B48D8B7F00}.Release|Win32.Build.0 = Release|Win32
		{98C7EC07-9611-437E-A9F3-E0DA177DC7C9}.Debug|ARM.ActiveCfg = Debug|Win32
		{98C7EC07-9611-437E-A9F3-E0DA177DC7C9}.Debug|Win32.ActiveCfg = Debug|Win32
		{98C7EC07-9611-437E-A9F3-E0DA177DC7C9}.Debug|Win32.Build.0 = Debug|Win32
		{98C7EC07-9611-437E-A9F3-E0DA177DC7C9}.Release|ARM.ActiveCfg = Release|Win32
		{98C7EC07-9611-437E-A9F3-E0DA177DC7C9}.Release|Win32.ActiveCfg = Release|Win32
		{98C7EC07-9611-437E-A9F3-E0DA177DC7C9}.Release|Win32.Build.0 = Release|Win32
		{6E811768-C9A8-4139-947D-CFF540CC9C6E}.Debug|ARM.ActiveCfg = Debug|Win32
		{6E811768-C9A8-4139-947D-CFF540CC9C6E}.Debug|Win32.ActiveCfg = Debug|Win32
		{6E811768-C9A8-4139-947D-CFF540CC9C6E}.Debug|Win32.Build.0 = Debug|Win32
		{6E811768-C9A8-4139-947D-CFF540CC9C6E}.Release|ARM.ActiveCfg = Release|Win32
		{6E811768-C9A8-4139-947D-CFF540CC9C6E}.Release|Win32.ActiveCfg = Release|Win32
		{6E811768-C9A8-4139-947D-CFF540CC9C6E}.Release|Win32.Build.0 = Release|Win32
		{2AFD477A-8AD8-44AB-B1B1-77CD1A0CC088}.Debug|ARM.ActiveCfg = Debug|Win32
		{2AFD477A-8AD8-44AB-B1B1-77CD1A0CC088}.Debug|Win32.ActiveCfg = Debug|Win32
		{2AFD477A-8AD8-44AB-B1B1-77CD1A0CC088}.Debug|Win32.Build.0 = Debug|Win32
		{2AFD477A-8AD8-44AB-B1B1-77CD1A0CC088}.Release|ARM.ActiveCfg = Release|Win32
		{2AFD477A-8AD8-44AB-B1B1-77CD1A0CC088}.Release|Win32.ActiveCfg = Release|Win32
		{2AFD477A-8AD8-44AB-B1B1-77CD1A0CC088}.Release|Win32.Build.0 = Release|Win32
		{FFF60803-367F-48E1-9C87-CC8605F040FC}.Debug|ARM.ActiveCfg = Debug|Win32
		{FFF60803-367F-48E1-9C87-CC8605F040FC}.Debug|Win32.ActiveCfg = Debug|Win32
		{FFF60803-367F-48E1-9C87-CC8605F040FC}.Debug|Win32.Build.0 = Debug|Win32
		{FFF60803-367F-48E1-9C87-CC8605F040FC}.Release|ARM.ActiveCfg = Release|Win32
		{FFF60803-367F-48E1-9C87-CC8605F040FC}.Release|Win32.ActiveCfg = Release|Win32
		{FFF60803-367F-48E1-9C87-CC8605F040FC}.Release|Win32.Build.0 = Release|Win32
		{03F076F7-FBC4-4692-A966-A7FC3EAB991B}.Debug|ARM.ActiveCfg = Debug|Win32
		{03F076F7-FBC4-4692-A966-A7FC3EAB991B}.Debug|Win32.ActiveCfg = Debug|Win32
		{03F076F7-FBC4-4692-A966-A7FC3EAB991B}.Debug|Win32.Build.0 = Debug|Win32
		{03F076F7-FBC4-4692-A966-A7FC3EAB991B}.Release|ARM.ActiveCfg = Release|Win32
		{03F076F7-FBC4-4692-A966-A7FC3EAB991B}.Release|Win32.ActiveCfg = Release|Win32
		{03F076F7-FBC4-4692-A966-A7FC3EAB991B}.Release|Win32.Build.0 = Release|Win32
		{7B1BCC0E-4FD6-40D5-8C63-DCE93B9CDDFA}.Debug|ARM.ActiveCfg = Debug|Win32
		{7B1BCC0E-4FD6-40D5-8C63-DCE93B9CDDFA}.Debug|Win32.ActiveCfg = Debug|Win32
		{7B1BCC0E-4FD6-40D5-8C63-DCE93B9CDDFA}.Debug|Win32.Build.0 = Debug|Win32
		{7B1BCC0E-4FD6-40D5-8C63-DCE93B9CDDFA}.Release|ARM.ActiveCfg = Release|Win32
		{7B1BCC0E-4FD6-40D5-8C63-DCE93B9CDDFA}.Release|Win32.ActiveCfg = Release|Win32
		{7B1BCC0E-4FD6-40D5-8C63-DCE93B9CDDFA}.Release|Win32.Build.0 = Release|Win32
	EndGlobalSection
	GlobalSection(SolutionProperties) = preSolution
		HideSolutionNode = FALSE
	EndGlobalSection
EndGlobal
