<?xml version="1.0" encoding="utf-8"?>
<Project ToolsVersion="4.0" xmlns="http://schemas.microsoft.com/developer/msbuild/2003">
  <ItemGroup>
    <Filter Include="Source Files">
      <UniqueIdentifier>{4FC737F1-C7A5-4376-A066-2A32D752A2FF}</UniqueIdentifier>
      <Extensions>cpp;c;cc;cxx;def;odl;idl;hpj;bat;asm;asmx</Extensions>
    </Filter>
    <Filter Include="Header Files">
      <UniqueIdentifier>{93995380-89BD-4b04-88EB-625FBE52EBFB}</UniqueIdentifier>
      <Extensions>h;hh;hpp;hxx;hm;inl;inc;xsd</Extensions>
    </Filter>
    <Filter Include="Resource Files">
      <UniqueIdentifier>{67DA6AB6-F800-4c08-8B7A-83BB121AAD01}</UniqueIdentifier>
      <Extensions>rc;ico;cur;bmp;dlg;rc2;rct;bin;rgs;gif;jpg;jpeg;jpe;resx;tiff;tif;png;wav;mfcribbon-ms</Extensions>
    </Filter>
  </ItemGroup>
  <ItemGroup>
    <ClCompile Include="Source\Code\BufferIPECollection.cpp">
      <Filter>Source Files</Filter>
    </ClCompile>
    <ClCompile Include="Source\Code\BufferIStateCollection.cpp">
      <Filter>Source Files</Filter>
    </ClCompile>
    <ClCompile Include="Source\Code\BufferITransientData..cpp">
      <Filter>Source Files</Filter>
    </ClCompile>
    <ClCompile Include="Source\Code\BufferITransitionCollection.cpp">
      <Filter>Source Files</Filter>
    </ClCompile>
    <ClCompile Include="Source\Code\BufferITriggerCollection.cpp">
      <Filter>Source Files</Filter>
    </ClCompile>
  </ItemGroup>
  <ItemGroup>
    <ClInclude Include="Source\Include\BufferIPECollection.h">
      <Filter>Header Files</Filter>
    </ClInclude>
    <ClInclude Include="Source\Include\BufferIStateCollection.h">
      <Filter>Header Files</Filter>
    </ClInclude>
    <ClInclude Include="Source\Include\BufferITransientData.h">
      <Filter>Header Files</Filter>
    </ClInclude>
    <ClInclude Include="Source\Include\BufferITransitionCollection.h">
      <Filter>Header Files</Filter>
    </ClInclude>
    <ClInclude Include="Source\Include\BufferITriggerCollection.h">
      <Filter>Header Files</Filter>
    </ClInclude>
    <ClInclude Include="Source\Include\IDynamicAspect.h">
      <Filter>Header Files</Filter>
    </ClInclude>
    <ClInclude Include="Source\Include\IDynamicState.h">
      <Filter>Header Files</Filter>
    </ClInclude>
    <ClInclude Include="Source\Include\IListSmartCollection.h">
      <Filter>Header Files</Filter>
    </ClInclude>
    <ClInclude Include="Source\Include\IMapCollection.h">
      <Filter>Header Files</Filter>
    </ClInclude>
    <ClInclude Include="Source\Include\IMapSmartCollection.h">
      <Filter>Header Files</Filter>
    </ClInclude>
    <ClInclude Include="Source\Include\IPECollection.h">
      <Filter>Header Files</Filter>
    </ClInclude>
    <ClInclude Include="Source\Include\IProcessingElement.h">
      <Filter>Header Files</Filter>
    </ClInclude>
    <ClInclude Include="Source\Include\IState.h">
      <Filter>Header Files</Filter>
    </ClInclude>
    <ClInclude Include="Source\Include\IStateCollection.h">
      <Filter>Header Files</Filter>
    </ClInclude>
    <ClInclude Include="Source\Include\IStaticAspect.h">
      <Filter>Header Files</Filter>
    </ClInclude>
    <ClInclude Include="Source\Include\IStaticState.h">
      <Filter>Header Files</Filter>
    </ClInclude>
    <ClInclude Include="Source\Include\ITransientData.h">
      <Filter>Header Files</Filter>
    </ClInclude>
    <ClInclude Include="Source\Include\ITrigger.h">
      <Filter>Header Files</Filter>
    </ClInclude>
    <ClInclude Include="Source\Include\ITriggerCollection.h">
      <Filter>Header Files</Filter>
    </ClInclude>
    <ClInclude Include="Source\Include\Transition.h">
      <Filter>Header Files</Filter>
    </ClInclude>
    <ClInclude Include="Source\Include\ITransitionCollection.h">
      <Filter>Header Files</Filter>
    </ClInclude>
  </ItemGroup>
</Project>